
Microsoft Visual Studio Solution File, Format Version 12.00
# Visual Studio Version 16
VisualStudioVersion = 16.0.29613.14
MinimumVisualStudioVersion = 10.0.40219.1
Project("{9A19103F-16F7-4668-BE54-9A1E7A4F7556}") = "AServer", "AServer\AServer.csproj", "{F9767F55-E884-423A-AC13-49687EE425A9}"
EndProject
Project("{9A19103F-16F7-4668-BE54-9A1E7A4F7556}") = "LibNet", "LibNet\LibNet.csproj", "{79169C30-7695-4336-9228-4B2F262D5BB4}"
EndProject
Project("{9A19103F-16F7-4668-BE54-9A1E7A4F7556}") = "LibUtil", "LibUtil\LibUtil.csproj", "{8B64B946-F891-4E7D-BD86-6804A22A6CC6}"
EndProject
Project("{9A19103F-16F7-4668-BE54-9A1E7A4F7556}") = "LibClient", "LibClient\LibClient.csproj", "{A1FC903E-1197-4432-BC38-B7530FA0B7EC}"
EndProject
Project("{9A19103F-16F7-4668-BE54-9A1E7A4F7556}") = "LibPkt", "LibPkt\LibPkt.csproj", "{7C1A9755-76CF-4121-A772-1AC11D4E8AE7}"
EndProject
Project("{FAE04EC0-301F-11D3-BF4B-00C04F79EFBC}") = "AClient", "AClient\AClient.csproj", "{5B5BD93F-BE47-4D1E-A531-CE312C792F68}"
EndProject
Project("{9A19103F-16F7-4668-BE54-9A1E7A4F7556}") = "LibCommon", "LibCommon\LibCommon.csproj", "{58DB8415-9D1F-44F0-8045-B5833F41FEB0}"
EndProject
Project("{9A19103F-16F7-4668-BE54-9A1E7A4F7556}") = "LibServer", "LibServer\LibServer.csproj", "{6A1A46D1-C3B7-44DC-BF85-9A2C05BC17ED}"
EndProject
Project("{2150E333-8FDC-42A3-9474-1A3956D46DE8}") = "App", "App", "{1358EEDA-7B90-4236-9E1C-CCAC1699985D}"
EndProject
Project("{2150E333-8FDC-42A3-9474-1A3956D46DE8}") = "Lib", "Lib", "{192078F4-B5B3-45C0-8DB8-BEA760BC576D}"
EndProject
Project("{FAE04EC0-301F-11D3-BF4B-00C04F79EFBC}") = "AProtoGen", "AProtoGen\AProtoGen.csproj", "{47440EC0-3ECE-4751-9153-33DBBE62BDAB}"
EndProject
Project("{9A19103F-16F7-4668-BE54-9A1E7A4F7556}") = "LibDB", "LibDB\LibDB.csproj", "{5C2EDF3B-A23A-4E3F-816C-31671E946382}"
EndProject
Project("{9A19103F-16F7-4668-BE54-9A1E7A4F7556}") = "LibConfig", "LibConfig\LibConfig.csproj", "{6F7C15F1-6937-47FD-B365-7E84EDA43AE7}"
EndProject
Project("{FAE04EC0-301F-11D3-BF4B-00C04F79EFBC}") = "LibPay", "LibPay\LibPay.csproj", "{DC4E7B3F-2ED9-4421-9ECF-450C527E151E}"
EndProject
Global
	GlobalSection(SolutionConfigurationPlatforms) = preSolution
		Debug|Any CPU = Debug|Any CPU
		Release|Any CPU = Release|Any CPU
	EndGlobalSection
	GlobalSection(ProjectConfigurationPlatforms) = postSolution
		{F9767F55-E884-423A-AC13-49687EE425A9}.Debug|Any CPU.ActiveCfg = Debug|Any CPU
		{F9767F55-E884-423A-AC13-49687EE425A9}.Debug|Any CPU.Build.0 = Debug|Any CPU
		{F9767F55-E884-423A-AC13-49687EE425A9}.Release|Any CPU.ActiveCfg = Release|Any CPU
		{F9767F55-E884-423A-AC13-49687EE425A9}.Release|Any CPU.Build.0 = Release|Any CPU
		{79169C30-7695-4336-9228-4B2F262D5BB4}.Debug|Any CPU.ActiveCfg = Debug|Any CPU
		{79169C30-7695-4336-9228-4B2F262D5BB4}.Debug|Any CPU.Build.0 = Debug|Any CPU
		{79169C30-7695-4336-9228-4B2F262D5BB4}.Release|Any CPU.ActiveCfg = Release|Any CPU
		{79169C30-7695-4336-9228-4B2F262D5BB4}.Release|Any CPU.Build.0 = Release|Any CPU
		{8B64B946-F891-4E7D-BD86-6804A22A6CC6}.Debug|Any CPU.ActiveCfg = Debug|Any CPU
		{8B64B946-F891-4E7D-BD86-6804A22A6CC6}.Debug|Any CPU.Build.0 = Debug|Any CPU
		{8B64B946-F891-4E7D-BD86-6804A22A6CC6}.Release|Any CPU.ActiveCfg = Release|Any CPU
		{8B64B946-F891-4E7D-BD86-6804A22A6CC6}.Release|Any CPU.Build.0 = Release|Any CPU
		{A1FC903E-1197-4432-BC38-B7530FA0B7EC}.Debug|Any CPU.ActiveCfg = Debug|Any CPU
		{A1FC903E-1197-4432-BC38-B7530FA0B7EC}.Debug|Any CPU.Build.0 = Debug|Any CPU
		{A1FC903E-1197-4432-BC38-B7530FA0B7EC}.Release|Any CPU.ActiveCfg = Release|Any CPU
		{A1FC903E-1197-4432-BC38-B7530FA0B7EC}.Release|Any CPU.Build.0 = Release|Any CPU
		{7C1A9755-76CF-4121-A772-1AC11D4E8AE7}.Debug|Any CPU.ActiveCfg = Debug|Any CPU
		{7C1A9755-76CF-4121-A772-1AC11D4E8AE7}.Debug|Any CPU.Build.0 = Debug|Any CPU
		{7C1A9755-76CF-4121-A772-1AC11D4E8AE7}.Release|Any CPU.ActiveCfg = Release|Any CPU
		{7C1A9755-76CF-4121-A772-1AC11D4E8AE7}.Release|Any CPU.Build.0 = Release|Any CPU
		{5B5BD93F-BE47-4D1E-A531-CE312C792F68}.Debug|Any CPU.ActiveCfg = Debug|Any CPU
		{5B5BD93F-BE47-4D1E-A531-CE312C792F68}.Debug|Any CPU.Build.0 = Debug|Any CPU
		{5B5BD93F-BE47-4D1E-A531-CE312C792F68}.Release|Any CPU.ActiveCfg = Release|Any CPU
		{5B5BD93F-BE47-4D1E-A531-CE312C792F68}.Release|Any CPU.Build.0 = Release|Any CPU
		{58DB8415-9D1F-44F0-8045-B5833F41FEB0}.Debug|Any CPU.ActiveCfg = Debug|Any CPU
		{58DB8415-9D1F-44F0-8045-B5833F41FEB0}.Debug|Any CPU.Build.0 = Debug|Any CPU
		{58DB8415-9D1F-44F0-8045-B5833F41FEB0}.Release|Any CPU.ActiveCfg = Release|Any CPU
		{58DB8415-9D1F-44F0-8045-B5833F41FEB0}.Release|Any CPU.Build.0 = Release|Any CPU
		{6A1A46D1-C3B7-44DC-BF85-9A2C05BC17ED}.Debug|Any CPU.ActiveCfg = Debug|Any CPU
		{6A1A46D1-C3B7-44DC-BF85-9A2C05BC17ED}.Debug|Any CPU.Build.0 = Debug|Any CPU
		{6A1A46D1-C3B7-44DC-BF85-9A2C05BC17ED}.Release|Any CPU.ActiveCfg = Release|Any CPU
		{6A1A46D1-C3B7-44DC-BF85-9A2C05BC17ED}.Release|Any CPU.Build.0 = Release|Any CPU
		{47440EC0-3ECE-4751-9153-33DBBE62BDAB}.Debug|Any CPU.ActiveCfg = Debug|Any CPU
		{47440EC0-3ECE-4751-9153-33DBBE62BDAB}.Debug|Any CPU.Build.0 = Debug|Any CPU
		{47440EC0-3ECE-4751-9153-33DBBE62BDAB}.Release|Any CPU.ActiveCfg = Release|Any CPU
		{47440EC0-3ECE-4751-9153-33DBBE62BDAB}.Release|Any CPU.Build.0 = Release|Any CPU
		{5C2EDF3B-A23A-4E3F-816C-31671E946382}.Debug|Any CPU.ActiveCfg = Debug|Any CPU
		{5C2EDF3B-A23A-4E3F-816C-31671E946382}.Debug|Any CPU.Build.0 = Debug|Any CPU
		{5C2EDF3B-A23A-4E3F-816C-31671E946382}.Release|Any CPU.ActiveCfg = Release|Any CPU
		{5C2EDF3B-A23A-4E3F-816C-31671E946382}.Release|Any CPU.Build.0 = Release|Any CPU
		{6F7C15F1-6937-47FD-B365-7E84EDA43AE7}.Debug|Any CPU.ActiveCfg = Debug|Any CPU
		{6F7C15F1-6937-47FD-B365-7E84EDA43AE7}.Debug|Any CPU.Build.0 = Debug|Any CPU
		{6F7C15F1-6937-47FD-B365-7E84EDA43AE7}.Release|Any CPU.ActiveCfg = Release|Any CPU
		{6F7C15F1-6937-47FD-B365-7E84EDA43AE7}.Release|Any CPU.Build.0 = Release|Any CPU
		{DC4E7B3F-2ED9-4421-9ECF-450C527E151E}.Debug|Any CPU.ActiveCfg = Debug|Any CPU
		{DC4E7B3F-2ED9-4421-9ECF-450C527E151E}.Debug|Any CPU.Build.0 = Debug|Any CPU
		{DC4E7B3F-2ED9-4421-9ECF-450C527E151E}.Release|Any CPU.ActiveCfg = Release|Any CPU
		{DC4E7B3F-2ED9-4421-9ECF-450C527E151E}.Release|Any CPU.Build.0 = Release|Any CPU
	EndGlobalSection
	GlobalSection(SolutionProperties) = preSolution
		HideSolutionNode = FALSE
	EndGlobalSection
	GlobalSection(NestedProjects) = preSolution
		{F9767F55-E884-423A-AC13-49687EE425A9} = {1358EEDA-7B90-4236-9E1C-CCAC1699985D}
		{79169C30-7695-4336-9228-4B2F262D5BB4} = {192078F4-B5B3-45C0-8DB8-BEA760BC576D}
		{8B64B946-F891-4E7D-BD86-6804A22A6CC6} = {192078F4-B5B3-45C0-8DB8-BEA760BC576D}
		{A1FC903E-1197-4432-BC38-B7530FA0B7EC} = {192078F4-B5B3-45C0-8DB8-BEA760BC576D}
		{7C1A9755-76CF-4121-A772-1AC11D4E8AE7} = {192078F4-B5B3-45C0-8DB8-BEA760BC576D}
		{5B5BD93F-BE47-4D1E-A531-CE312C792F68} = {1358EEDA-7B90-4236-9E1C-CCAC1699985D}
		{58DB8415-9D1F-44F0-8045-B5833F41FEB0} = {192078F4-B5B3-45C0-8DB8-BEA760BC576D}
		{6A1A46D1-C3B7-44DC-BF85-9A2C05BC17ED} = {192078F4-B5B3-45C0-8DB8-BEA760BC576D}
		{47440EC0-3ECE-4751-9153-33DBBE62BDAB} = {1358EEDA-7B90-4236-9E1C-CCAC1699985D}
		{5C2EDF3B-A23A-4E3F-816C-31671E946382} = {192078F4-B5B3-45C0-8DB8-BEA760BC576D}
		{6F7C15F1-6937-47FD-B365-7E84EDA43AE7} = {192078F4-B5B3-45C0-8DB8-BEA760BC576D}
		{DC4E7B3F-2ED9-4421-9ECF-450C527E151E} = {192078F4-B5B3-45C0-8DB8-BEA760BC576D}
	EndGlobalSection
	GlobalSection(ExtensibilityGlobals) = postSolution
		SolutionGuid = {2F0E2E16-A32F-45D4-AE18-798BF0F7ECB3}
	EndGlobalSection
EndGlobal
